
Microsoft Visual Studio Solution File, Format Version 12.00
# Visual Studio Version 16
VisualStudioVersion = 16.0.29230.47
MinimumVisualStudioVersion = 10.0.40219.1
Project("{FAE04EC0-301F-11D3-BF4B-00C04F79EFBC}") = "FIT5032_Week07", "FIT5032_Week07\FIT5032_Week07.csproj", "{7CDF098B-8D0B-4A59-888E-0D4BF5C1988F}"
EndProject
Global
	GlobalSection(SolutionConfigurationPlatforms) = preSolution
		Debug|Any CPU = Debug|Any CPU
		Release|Any CPU = Release|Any CPU
	EndGlobalSection
	GlobalSection(ProjectConfigurationPlatforms) = postSolution
		{7CDF098B-8D0B-4A59-888E-0D4BF5C1988F}.Debug|Any CPU.ActiveCfg = Debug|Any CPU
		{7CDF098B-8D0B-4A59-888E-0D4BF5C1988F}.Debug|Any CPU.Build.0 = Debug|Any CPU
		{7CDF098B-8D0B-4A59-888E-0D4BF5C1988F}.Release|Any CPU.ActiveCfg = Release|Any CPU
		{7CDF098B-8D0B-4A59-888E-0D4BF5C1988F}.Release|Any CPU.Build.0 = Release|Any CPU
	EndGlobalSection
	GlobalSection(SolutionProperties) = preSolution
		HideSolutionNode = FALSE
	EndGlobalSection
	GlobalSection(ExtensibilityGlobals) = postSolution
		SolutionGuid = {DEBF83FE-3863-43C2-9ACA-937BE1113598}
	EndGlobalSection
EndGlobal
