
Microsoft Visual Studio Solution File, Format Version 12.00
# Visual Studio Version 16
VisualStudioVersion = 16.0.29306.81
MinimumVisualStudioVersion = 10.0.40219.1
Project("{FAE04EC0-301F-11D3-BF4B-00C04F79EFBC}") = "FIT5032Assignment", "FIT5032Assignment.csproj", "{C42F5577-3050-477D-ADE4-EC3F145E2268}"
EndProject
Global
	GlobalSection(SolutionConfigurationPlatforms) = preSolution
		Debug|Any CPU = Debug|Any CPU
		Release|Any CPU = Release|Any CPU
	EndGlobalSection
	GlobalSection(ProjectConfigurationPlatforms) = postSolution
		{C42F5577-3050-477D-ADE4-EC3F145E2268}.Debug|Any CPU.ActiveCfg = Debug|Any CPU
		{C42F5577-3050-477D-ADE4-EC3F145E2268}.Debug|Any CPU.Build.0 = Debug|Any CPU
		{C42F5577-3050-477D-ADE4-EC3F145E2268}.Release|Any CPU.ActiveCfg = Release|Any CPU
		{C42F5577-3050-477D-ADE4-EC3F145E2268}.Release|Any CPU.Build.0 = Release|Any CPU
	EndGlobalSection
	GlobalSection(SolutionProperties) = preSolution
		HideSolutionNode = FALSE
	EndGlobalSection
	GlobalSection(ExtensibilityGlobals) = postSolution
		SolutionGuid = {4D7463F4-18D3-4082-9675-E624225FF2EF}
	EndGlobalSection
EndGlobal
