
Microsoft Visual Studio Solution File, Format Version 12.00
# Visual Studio Version 16
VisualStudioVersion = 16.0.29230.47
MinimumVisualStudioVersion = 10.0.40219.1
Project("{FAE04EC0-301F-11D3-BF4B-00C04F79EFBC}") = "FIT5032_Assessment_Task2", "FIT5032_Assessment_Task2\FIT5032_Assessment_Task2.csproj", "{55099161-FBCF-47B4-82C4-AEBE27EF5FD0}"
EndProject
Global
	GlobalSection(SolutionConfigurationPlatforms) = preSolution
		Debug|Any CPU = Debug|Any CPU
		Release|Any CPU = Release|Any CPU
	EndGlobalSection
	GlobalSection(ProjectConfigurationPlatforms) = postSolution
		{55099161-FBCF-47B4-82C4-AEBE27EF5FD0}.Debug|Any CPU.ActiveCfg = Debug|Any CPU
		{55099161-FBCF-47B4-82C4-AEBE27EF5FD0}.Debug|Any CPU.Build.0 = Debug|Any CPU
		{55099161-FBCF-47B4-82C4-AEBE27EF5FD0}.Release|Any CPU.ActiveCfg = Release|Any CPU
		{55099161-FBCF-47B4-82C4-AEBE27EF5FD0}.Release|Any CPU.Build.0 = Release|Any CPU
	EndGlobalSection
	GlobalSection(SolutionProperties) = preSolution
		HideSolutionNode = FALSE
	EndGlobalSection
	GlobalSection(ExtensibilityGlobals) = postSolution
		SolutionGuid = {BFFF6964-0718-43DC-870B-026F98D19899}
	EndGlobalSection
EndGlobal
