
Microsoft Visual Studio Solution File, Format Version 12.00
# Visual Studio Version 16
VisualStudioVersion = 16.0.29215.179
MinimumVisualStudioVersion = 10.0.40219.1
Project("{FAE04EC0-301F-11D3-BF4B-00C04F79EFBC}") = "FIT5032_Week06", "FIT5032_Week06\FIT5032_Week06.csproj", "{6053746C-6D5A-4167-A262-E0A55CC2A003}"
EndProject
Global
	GlobalSection(SolutionConfigurationPlatforms) = preSolution
		Debug|Any CPU = Debug|Any CPU
		Release|Any CPU = Release|Any CPU
	EndGlobalSection
	GlobalSection(ProjectConfigurationPlatforms) = postSolution
		{6053746C-6D5A-4167-A262-E0A55CC2A003}.Debug|Any CPU.ActiveCfg = Debug|Any CPU
		{6053746C-6D5A-4167-A262-E0A55CC2A003}.Debug|Any CPU.Build.0 = Debug|Any CPU
		{6053746C-6D5A-4167-A262-E0A55CC2A003}.Release|Any CPU.ActiveCfg = Release|Any CPU
		{6053746C-6D5A-4167-A262-E0A55CC2A003}.Release|Any CPU.Build.0 = Release|Any CPU
	EndGlobalSection
	GlobalSection(SolutionProperties) = preSolution
		HideSolutionNode = FALSE
	EndGlobalSection
	GlobalSection(ExtensibilityGlobals) = postSolution
		SolutionGuid = {6D3D4569-9EAE-4464-98E2-8D518B473210}
	EndGlobalSection
EndGlobal
