
Microsoft Visual Studio Solution File, Format Version 12.00
# Visual Studio Version 16
VisualStudioVersion = 16.0.29201.188
MinimumVisualStudioVersion = 10.0.40219.1
Project("{FAE04EC0-301F-11D3-BF4B-00C04F79EFBC}") = "FIT5032_Week02_DatabaseFirst", "FIT5032_Week02_DatabaseFirst\FIT5032_Week02_DatabaseFirst.csproj", "{80DBA7C6-5C48-48AC-B2AC-0FA5334EC4F0}"
EndProject
Global
	GlobalSection(SolutionConfigurationPlatforms) = preSolution
		Debug|Any CPU = Debug|Any CPU
		Release|Any CPU = Release|Any CPU
	EndGlobalSection
	GlobalSection(ProjectConfigurationPlatforms) = postSolution
		{80DBA7C6-5C48-48AC-B2AC-0FA5334EC4F0}.Debug|Any CPU.ActiveCfg = Debug|Any CPU
		{80DBA7C6-5C48-48AC-B2AC-0FA5334EC4F0}.Debug|Any CPU.Build.0 = Debug|Any CPU
		{80DBA7C6-5C48-48AC-B2AC-0FA5334EC4F0}.Release|Any CPU.ActiveCfg = Release|Any CPU
		{80DBA7C6-5C48-48AC-B2AC-0FA5334EC4F0}.Release|Any CPU.Build.0 = Release|Any CPU
	EndGlobalSection
	GlobalSection(SolutionProperties) = preSolution
		HideSolutionNode = FALSE
	EndGlobalSection
	GlobalSection(ExtensibilityGlobals) = postSolution
		SolutionGuid = {37F6EAD9-E133-47D6-A500-9ECFFB53E563}
	EndGlobalSection
EndGlobal
