
Microsoft Visual Studio Solution File, Format Version 12.00
# Visual Studio Version 16
VisualStudioVersion = 16.0.29215.179
MinimumVisualStudioVersion = 10.0.40219.1
Project("{FAE04EC0-301F-11D3-BF4B-00C04F79EFBC}") = "FIT5032_Week05_CreatDateTable", "FIT5032_Week05_CreatDateTable\FIT5032_Week05_CreatDateTable.csproj", "{9B56B6EE-FFD6-4444-9079-6F55BCD3A63A}"
EndProject
Global
	GlobalSection(SolutionConfigurationPlatforms) = preSolution
		Debug|Any CPU = Debug|Any CPU
		Release|Any CPU = Release|Any CPU
	EndGlobalSection
	GlobalSection(ProjectConfigurationPlatforms) = postSolution
		{9B56B6EE-FFD6-4444-9079-6F55BCD3A63A}.Debug|Any CPU.ActiveCfg = Debug|Any CPU
		{9B56B6EE-FFD6-4444-9079-6F55BCD3A63A}.Debug|Any CPU.Build.0 = Debug|Any CPU
		{9B56B6EE-FFD6-4444-9079-6F55BCD3A63A}.Release|Any CPU.ActiveCfg = Release|Any CPU
		{9B56B6EE-FFD6-4444-9079-6F55BCD3A63A}.Release|Any CPU.Build.0 = Release|Any CPU
	EndGlobalSection
	GlobalSection(SolutionProperties) = preSolution
		HideSolutionNode = FALSE
	EndGlobalSection
	GlobalSection(ExtensibilityGlobals) = postSolution
		SolutionGuid = {872B88F1-CEBD-41EB-BB88-B85A5D400864}
	EndGlobalSection
EndGlobal
