
Microsoft Visual Studio Solution File, Format Version 12.00
# Visual Studio Version 16
VisualStudioVersion = 16.0.29215.179
MinimumVisualStudioVersion = 10.0.40219.1
Project("{FAE04EC0-301F-11D3-BF4B-00C04F79EFBC}") = "FIT5032_Assignment_E_Karaoke_application", "FIT5032_Assignment_E_Karaoke_application\FIT5032_Assignment_E_Karaoke_application.csproj", "{51F2B04A-A877-4437-B7EF-2ECDCABAF2A2}"
EndProject
Global
	GlobalSection(SolutionConfigurationPlatforms) = preSolution
		Debug|Any CPU = Debug|Any CPU
		Release|Any CPU = Release|Any CPU
	EndGlobalSection
	GlobalSection(ProjectConfigurationPlatforms) = postSolution
		{51F2B04A-A877-4437-B7EF-2ECDCABAF2A2}.Debug|Any CPU.ActiveCfg = Debug|Any CPU
		{51F2B04A-A877-4437-B7EF-2ECDCABAF2A2}.Debug|Any CPU.Build.0 = Debug|Any CPU
		{51F2B04A-A877-4437-B7EF-2ECDCABAF2A2}.Release|Any CPU.ActiveCfg = Release|Any CPU
		{51F2B04A-A877-4437-B7EF-2ECDCABAF2A2}.Release|Any CPU.Build.0 = Release|Any CPU
	EndGlobalSection
	GlobalSection(SolutionProperties) = preSolution
		HideSolutionNode = FALSE
	EndGlobalSection
	GlobalSection(ExtensibilityGlobals) = postSolution
		SolutionGuid = {42D4309A-044F-4720-9E15-7452D5C728EC}
	EndGlobalSection
EndGlobal
